
Microsoft Visual Studio Solution File, Format Version 12.00
# Visual Studio Version 16
VisualStudioVersion = 16.0.30907.101
MinimumVisualStudioVersion = 10.0.40219.1
Project("{FAE04EC0-301F-11D3-BF4B-00C04F79EFBC}") = "API", "API\API.csproj", "{CFB8B6BB-0AC4-41F2-8B57-187109E18CA9}"
EndProject
Global
	GlobalSection(SolutionConfigurationPlatforms) = preSolution
		Debug|Any CPU = Debug|Any CPU
		Release|Any CPU = Release|Any CPU
	EndGlobalSection
	GlobalSection(ProjectConfigurationPlatforms) = postSolution
		{CFB8B6BB-0AC4-41F2-8B57-187109E18CA9}.Debug|Any CPU.ActiveCfg = Debug|Any CPU
		{CFB8B6BB-0AC4-41F2-8B57-187109E18CA9}.Debug|Any CPU.Build.0 = Debug|Any CPU
		{CFB8B6BB-0AC4-41F2-8B57-187109E18CA9}.Release|Any CPU.ActiveCfg = Release|Any CPU
		{CFB8B6BB-0AC4-41F2-8B57-187109E18CA9}.Release|Any CPU.Build.0 = Release|Any CPU
	EndGlobalSection
	GlobalSection(SolutionProperties) = preSolution
		HideSolutionNode = FALSE
	EndGlobalSection
	GlobalSection(ExtensibilityGlobals) = postSolution
		SolutionGuid = {F11FCD5F-985F-4CEB-B02F-C48AE57D1274}
	EndGlobalSection
EndGlobal
